
Microsoft Visual Studio Solution File, Format Version 12.00
# Visual Studio 15
VisualStudioVersion = 15.0.27130.2010
MinimumVisualStudioVersion = 10.0.40219.1
Project("{8BC9CEB8-8B4A-11D0-8D11-00A0C91BC942}") = "BiddyStaticLibrary", "Biddy.vcxproj", "{18ACF089-DE22-4905-B15C-8CFFAE5E58BD}"
EndProject
Project("{8BC9CEB8-8B4A-11D0-8D11-00A0C91BC942}") = "BiddyDLL", "BiddyDLL.vcxproj", "{8D61DB98-7BBA-42BB-BB75-53B4F942B903}"
EndProject
Project("{8BC9CEB8-8B4A-11D0-8D11-00A0C91BC942}") = "BDDScout", "BDDScout.vcxproj", "{1EF72236-F84B-41B6-8737-0BD683FB217E}"
EndProject
Project("{8BC9CEB8-8B4A-11D0-8D11-00A0C91BC942}") = "BDDScoutIFIP", "BDDScoutIFIP.vcxproj", "{FF0BF4E5-F112-42EE-BCB1-561508480E50}"
EndProject
Project("{8BC9CEB8-8B4A-11D0-8D11-00A0C91BC942}") = "BDDScoutBRA", "BDDScoutBRA.vcxproj", "{F18ECB58-EA47-4923-AB3A-15D1B3C8ED05}"
EndProject
Project("{8BC9CEB8-8B4A-11D0-8D11-00A0C91BC942}") = "BDDScoutBDDTRACES", "BDDScoutBDDTRACES.vcxproj", "{742B7F34-72BA-4493-8720-DE1CADF4CECF}"
EndProject
Project("{8BC9CEB8-8B4A-11D0-8D11-00A0C91BC942}") = "BiddyExample8Queens", "BiddyExample8Queens.vcxproj", "{79185867-FA21-4F8E-8C26-638D9C9307EF}"
EndProject
Project("{8BC9CEB8-8B4A-11D0-8D11-00A0C91BC942}") = "BiddyExampleIndependence", "BiddyExampleIndependence.vcxproj", "{05E380F6-626B-4C67-B15F-95E3AD9A952C}"
EndProject
Project("{8BC9CEB8-8B4A-11D0-8D11-00A0C91BC942}") = "BiddyExampleRandom", "BiddyExampleRandom.vcxproj", "{4D694FC3-F8EF-4E05-BA56-BE543044FB84}"
EndProject
Project("{8BC9CEB8-8B4A-11D0-8D11-00A0C91BC942}") = "BiddyExampleHanoi", "BiddyExampleHanoi.vcxproj", "{A6B61673-3AC7-471D-9D37-2120F6F1EB92}"
EndProject
Global
	GlobalSection(SolutionConfigurationPlatforms) = preSolution
		Debug|x64 = Debug|x64
		Debug|x86 = Debug|x86
		Release|x64 = Release|x64
		Release|x86 = Release|x86
	EndGlobalSection
	GlobalSection(ProjectConfigurationPlatforms) = postSolution
		{18ACF089-DE22-4905-B15C-8CFFAE5E58BD}.Debug|x64.ActiveCfg = Debug|x64
		{18ACF089-DE22-4905-B15C-8CFFAE5E58BD}.Debug|x64.Build.0 = Debug|x64
		{18ACF089-DE22-4905-B15C-8CFFAE5E58BD}.Debug|x64.Deploy.0 = Debug|x64
		{18ACF089-DE22-4905-B15C-8CFFAE5E58BD}.Debug|x86.ActiveCfg = Debug|Win32
		{18ACF089-DE22-4905-B15C-8CFFAE5E58BD}.Debug|x86.Build.0 = Debug|Win32
		{18ACF089-DE22-4905-B15C-8CFFAE5E58BD}.Release|x64.ActiveCfg = Release|x64
		{18ACF089-DE22-4905-B15C-8CFFAE5E58BD}.Release|x64.Build.0 = Release|x64
		{18ACF089-DE22-4905-B15C-8CFFAE5E58BD}.Release|x86.ActiveCfg = Release|Win32
		{18ACF089-DE22-4905-B15C-8CFFAE5E58BD}.Release|x86.Build.0 = Release|Win32
		{8D61DB98-7BBA-42BB-BB75-53B4F942B903}.Debug|x64.ActiveCfg = Debug|x64
		{8D61DB98-7BBA-42BB-BB75-53B4F942B903}.Debug|x64.Build.0 = Debug|x64
		{8D61DB98-7BBA-42BB-BB75-53B4F942B903}.Debug|x86.ActiveCfg = Debug|Win32
		{8D61DB98-7BBA-42BB-BB75-53B4F942B903}.Debug|x86.Build.0 = Debug|Win32
		{8D61DB98-7BBA-42BB-BB75-53B4F942B903}.Release|x64.ActiveCfg = Release|x64
		{8D61DB98-7BBA-42BB-BB75-53B4F942B903}.Release|x64.Build.0 = Release|x64
		{8D61DB98-7BBA-42BB-BB75-53B4F942B903}.Release|x86.ActiveCfg = Release|Win32
		{8D61DB98-7BBA-42BB-BB75-53B4F942B903}.Release|x86.Build.0 = Release|Win32
		{1EF72236-F84B-41B6-8737-0BD683FB217E}.Debug|x64.ActiveCfg = Debug|x64
		{1EF72236-F84B-41B6-8737-0BD683FB217E}.Debug|x64.Build.0 = Debug|x64
		{1EF72236-F84B-41B6-8737-0BD683FB217E}.Debug|x86.ActiveCfg = Debug|Win32
		{1EF72236-F84B-41B6-8737-0BD683FB217E}.Debug|x86.Build.0 = Debug|Win32
		{1EF72236-F84B-41B6-8737-0BD683FB217E}.Release|x64.ActiveCfg = Release|x64
		{1EF72236-F84B-41B6-8737-0BD683FB217E}.Release|x64.Build.0 = Release|x64
		{1EF72236-F84B-41B6-8737-0BD683FB217E}.Release|x86.ActiveCfg = Release|Win32
		{1EF72236-F84B-41B6-8737-0BD683FB217E}.Release|x86.Build.0 = Release|Win32
		{FF0BF4E5-F112-42EE-BCB1-561508480E50}.Debug|x64.ActiveCfg = Debug|x64
		{FF0BF4E5-F112-42EE-BCB1-561508480E50}.Debug|x64.Build.0 = Debug|x64
		{FF0BF4E5-F112-42EE-BCB1-561508480E50}.Debug|x86.ActiveCfg = Debug|Win32
		{FF0BF4E5-F112-42EE-BCB1-561508480E50}.Debug|x86.Build.0 = Debug|Win32
		{FF0BF4E5-F112-42EE-BCB1-561508480E50}.Release|x64.ActiveCfg = Release|x64
		{FF0BF4E5-F112-42EE-BCB1-561508480E50}.Release|x64.Build.0 = Release|x64
		{FF0BF4E5-F112-42EE-BCB1-561508480E50}.Release|x86.ActiveCfg = Release|Win32
		{FF0BF4E5-F112-42EE-BCB1-561508480E50}.Release|x86.Build.0 = Release|Win32
		{F18ECB58-EA47-4923-AB3A-15D1B3C8ED05}.Debug|x64.ActiveCfg = Debug|x64
		{F18ECB58-EA47-4923-AB3A-15D1B3C8ED05}.Debug|x64.Build.0 = Debug|x64
		{F18ECB58-EA47-4923-AB3A-15D1B3C8ED05}.Debug|x86.ActiveCfg = Debug|Win32
		{F18ECB58-EA47-4923-AB3A-15D1B3C8ED05}.Debug|x86.Build.0 = Debug|Win32
		{F18ECB58-EA47-4923-AB3A-15D1B3C8ED05}.Release|x64.ActiveCfg = Release|x64
		{F18ECB58-EA47-4923-AB3A-15D1B3C8ED05}.Release|x64.Build.0 = Release|x64
		{F18ECB58-EA47-4923-AB3A-15D1B3C8ED05}.Release|x86.ActiveCfg = Release|Win32
		{F18ECB58-EA47-4923-AB3A-15D1B3C8ED05}.Release|x86.Build.0 = Release|Win32
		{742B7F34-72BA-4493-8720-DE1CADF4CECF}.Debug|x64.ActiveCfg = Debug|x64
		{742B7F34-72BA-4493-8720-DE1CADF4CECF}.Debug|x64.Build.0 = Debug|x64
		{742B7F34-72BA-4493-8720-DE1CADF4CECF}.Debug|x86.ActiveCfg = Debug|Win32
		{742B7F34-72BA-4493-8720-DE1CADF4CECF}.Debug|x86.Build.0 = Debug|Win32
		{742B7F34-72BA-4493-8720-DE1CADF4CECF}.Release|x64.ActiveCfg = Release|x64
		{742B7F34-72BA-4493-8720-DE1CADF4CECF}.Release|x64.Build.0 = Release|x64
		{742B7F34-72BA-4493-8720-DE1CADF4CECF}.Release|x86.ActiveCfg = Release|Win32
		{742B7F34-72BA-4493-8720-DE1CADF4CECF}.Release|x86.Build.0 = Release|Win32
		{79185867-FA21-4F8E-8C26-638D9C9307EF}.Debug|x64.ActiveCfg = Debug|x64
		{79185867-FA21-4F8E-8C26-638D9C9307EF}.Debug|x64.Build.0 = Debug|x64
		{79185867-FA21-4F8E-8C26-638D9C9307EF}.Debug|x86.ActiveCfg = Debug|Win32
		{79185867-FA21-4F8E-8C26-638D9C9307EF}.Debug|x86.Build.0 = Debug|Win32
		{79185867-FA21-4F8E-8C26-638D9C9307EF}.Release|x64.ActiveCfg = Release|x64
		{79185867-FA21-4F8E-8C26-638D9C9307EF}.Release|x64.Build.0 = Release|x64
		{79185867-FA21-4F8E-8C26-638D9C9307EF}.Release|x86.ActiveCfg = Release|Win32
		{79185867-FA21-4F8E-8C26-638D9C9307EF}.Release|x86.Build.0 = Release|Win32
		{05E380F6-626B-4C67-B15F-95E3AD9A952C}.Debug|x64.ActiveCfg = Debug|x64
		{05E380F6-626B-4C67-B15F-95E3AD9A952C}.Debug|x64.Build.0 = Debug|x64
		{05E380F6-626B-4C67-B15F-95E3AD9A952C}.Debug|x86.ActiveCfg = Debug|Win32
		{05E380F6-626B-4C67-B15F-95E3AD9A952C}.Debug|x86.Build.0 = Debug|Win32
		{05E380F6-626B-4C67-B15F-95E3AD9A952C}.Release|x64.ActiveCfg = Release|x64
		{05E380F6-626B-4C67-B15F-95E3AD9A952C}.Release|x64.Build.0 = Release|x64
		{05E380F6-626B-4C67-B15F-95E3AD9A952C}.Release|x86.ActiveCfg = Release|Win32
		{05E380F6-626B-4C67-B15F-95E3AD9A952C}.Release|x86.Build.0 = Release|Win32
		{4D694FC3-F8EF-4E05-BA56-BE543044FB84}.Debug|x64.ActiveCfg = Debug|x64
		{4D694FC3-F8EF-4E05-BA56-BE543044FB84}.Debug|x64.Build.0 = Debug|x64
		{4D694FC3-F8EF-4E05-BA56-BE543044FB84}.Debug|x86.ActiveCfg = Debug|Win32
		{4D694FC3-F8EF-4E05-BA56-BE543044FB84}.Debug|x86.Build.0 = Debug|Win32
		{4D694FC3-F8EF-4E05-BA56-BE543044FB84}.Release|x64.ActiveCfg = Release|x64
		{4D694FC3-F8EF-4E05-BA56-BE543044FB84}.Release|x64.Build.0 = Release|x64
		{4D694FC3-F8EF-4E05-BA56-BE543044FB84}.Release|x86.ActiveCfg = Release|Win32
		{4D694FC3-F8EF-4E05-BA56-BE543044FB84}.Release|x86.Build.0 = Release|Win32
		{A6B61673-3AC7-471D-9D37-2120F6F1EB92}.Debug|x64.ActiveCfg = Debug|x64
		{A6B61673-3AC7-471D-9D37-2120F6F1EB92}.Debug|x64.Build.0 = Debug|x64
		{A6B61673-3AC7-471D-9D37-2120F6F1EB92}.Debug|x86.ActiveCfg = Debug|Win32
		{A6B61673-3AC7-471D-9D37-2120F6F1EB92}.Debug|x86.Build.0 = Debug|Win32
		{A6B61673-3AC7-471D-9D37-2120F6F1EB92}.Release|x64.ActiveCfg = Release|x64
		{A6B61673-3AC7-471D-9D37-2120F6F1EB92}.Release|x64.Build.0 = Release|x64
		{A6B61673-3AC7-471D-9D37-2120F6F1EB92}.Release|x86.ActiveCfg = Release|Win32
		{A6B61673-3AC7-471D-9D37-2120F6F1EB92}.Release|x86.Build.0 = Release|Win32
	EndGlobalSection
	GlobalSection(SolutionProperties) = preSolution
		HideSolutionNode = FALSE
	EndGlobalSection
	GlobalSection(ExtensibilityGlobals) = postSolution
		SolutionGuid = {857FD1D9-31DE-405B-86FB-606C05B3C65A}
	EndGlobalSection
	GlobalSection(Performance) = preSolution
		HasPerformanceSessions = true
	EndGlobalSection
EndGlobal
