
Microsoft Visual Studio Solution File, Format Version 12.00
# Visual Studio 14
VisualStudioVersion = 14.0.24720.0
MinimumVisualStudioVersion = 10.0.40219.1
Project("{8BC9CEB8-8B4A-11D0-8D11-00A0C91BC942}") = "BiddyStaticLibrary", "Biddy.vcxproj", "{18ACF089-DE22-4905-B15C-8CFFAE5E58BD}"
EndProject
Project("{8BC9CEB8-8B4A-11D0-8D11-00A0C91BC942}") = "BiddyDLL", "BiddyDLL.vcxproj", "{8D61DB98-7BBA-42BB-BB75-53B4F942B903}"
EndProject
Project("{8BC9CEB8-8B4A-11D0-8D11-00A0C91BC942}") = "BDDScout", "BDDScout.vcxproj", "{1EF72236-F84B-41B6-8737-0BD683FB217E}"
EndProject
Project("{840C416C-B8F3-42BC-B0DD-F6BB14C9F8CB}") = "BDDScoutInstaller", "BDDScoutInstaller.aiproj", "{7AEB81AC-7896-42E6-A471-FEA097E1672B}"
	ProjectSection(ProjectDependencies) = postProject
		{742B7F34-72BA-4493-8720-DE1CADF4CECF} = {742B7F34-72BA-4493-8720-DE1CADF4CECF}
		{1EF72236-F84B-41B6-8737-0BD683FB217E} = {1EF72236-F84B-41B6-8737-0BD683FB217E}
		{F18ECB58-EA47-4923-AB3A-15D1B3C8ED05} = {F18ECB58-EA47-4923-AB3A-15D1B3C8ED05}
		{18ACF089-DE22-4905-B15C-8CFFAE5E58BD} = {18ACF089-DE22-4905-B15C-8CFFAE5E58BD}
		{FF0BF4E5-F112-42EE-BCB1-561508480E50} = {FF0BF4E5-F112-42EE-BCB1-561508480E50}
	EndProjectSection
EndProject
Project("{8BC9CEB8-8B4A-11D0-8D11-00A0C91BC942}") = "BDDScoutIFIP", "BDDScoutIFIP.vcxproj", "{FF0BF4E5-F112-42EE-BCB1-561508480E50}"
EndProject
Project("{8BC9CEB8-8B4A-11D0-8D11-00A0C91BC942}") = "BDDScoutBRA", "BDDScoutBRA.vcxproj", "{F18ECB58-EA47-4923-AB3A-15D1B3C8ED05}"
EndProject
Project("{8BC9CEB8-8B4A-11D0-8D11-00A0C91BC942}") = "BDDScoutBDDTRACES", "BDDScoutBDDTRACES.vcxproj", "{742B7F34-72BA-4493-8720-DE1CADF4CECF}"
EndProject
Project("{840C416C-B8F3-42BC-B0DD-F6BB14C9F8CB}") = "BiddyInstaller", "BiddyInstaller.aiproj", "{EF987825-943E-4765-9A8E-A47E1CD5C470}"
	ProjectSection(ProjectDependencies) = postProject
		{8D61DB98-7BBA-42BB-BB75-53B4F942B903} = {8D61DB98-7BBA-42BB-BB75-53B4F942B903}
	EndProjectSection
EndProject
Project("{840C416C-B8F3-42BC-B0DD-F6BB14C9F8CB}") = "BiddyDevInstaller", "BiddyDevInstaller.aiproj", "{7D2B0BA6-1716-45DB-BA24-3420CE5DE06B}"
	ProjectSection(ProjectDependencies) = postProject
		{8D61DB98-7BBA-42BB-BB75-53B4F942B903} = {8D61DB98-7BBA-42BB-BB75-53B4F942B903}
	EndProjectSection
EndProject
Project("{8BC9CEB8-8B4A-11D0-8D11-00A0C91BC942}") = "BiddyExample8Queens", "BiddyExample8Queens.vcxproj", "{79185867-FA21-4F8E-8C26-638D9C9307EF}"
EndProject
Project("{8BC9CEB8-8B4A-11D0-8D11-00A0C91BC942}") = "BiddyExampleIndependence", "BiddyExampleIndependence.vcxproj", "{05E380F6-626B-4C67-B15F-95E3AD9A952C}"
EndProject
Project("{840C416C-B8F3-42BC-B0DD-F6BB14C9F8CB}") = "Biddy32Installer", "Biddy32Installer.aiproj", "{5BD76558-9505-4420-9CD4-E9A164DA5D1E}"
	ProjectSection(ProjectDependencies) = postProject
		{8D61DB98-7BBA-42BB-BB75-53B4F942B903} = {8D61DB98-7BBA-42BB-BB75-53B4F942B903}
	EndProjectSection
EndProject
Project("{840C416C-B8F3-42BC-B0DD-F6BB14C9F8CB}") = "Biddy32DevInstaller", "Biddy32DevInstaller.aiproj", "{1A3F5DA2-02EE-4667-9158-EB59F43702B7}"
	ProjectSection(ProjectDependencies) = postProject
		{8D61DB98-7BBA-42BB-BB75-53B4F942B903} = {8D61DB98-7BBA-42BB-BB75-53B4F942B903}
	EndProjectSection
EndProject
Project("{840C416C-B8F3-42BC-B0DD-F6BB14C9F8CB}") = "BDDScout32Installer", "BDDScout32Installer.aiproj", "{7E4BD1C9-87AC-4EB3-A526-1F53B02A36AA}"
	ProjectSection(ProjectDependencies) = postProject
		{742B7F34-72BA-4493-8720-DE1CADF4CECF} = {742B7F34-72BA-4493-8720-DE1CADF4CECF}
		{1EF72236-F84B-41B6-8737-0BD683FB217E} = {1EF72236-F84B-41B6-8737-0BD683FB217E}
		{F18ECB58-EA47-4923-AB3A-15D1B3C8ED05} = {F18ECB58-EA47-4923-AB3A-15D1B3C8ED05}
		{18ACF089-DE22-4905-B15C-8CFFAE5E58BD} = {18ACF089-DE22-4905-B15C-8CFFAE5E58BD}
		{FF0BF4E5-F112-42EE-BCB1-561508480E50} = {FF0BF4E5-F112-42EE-BCB1-561508480E50}
	EndProjectSection
EndProject
Global
	GlobalSection(SolutionConfigurationPlatforms) = preSolution
		Debug|x64 = Debug|x64
		Debug|x86 = Debug|x86
		Release|x64 = Release|x64
		Release|x86 = Release|x86
	EndGlobalSection
	GlobalSection(ProjectConfigurationPlatforms) = postSolution
		{18ACF089-DE22-4905-B15C-8CFFAE5E58BD}.Debug|x64.ActiveCfg = Debug|x64
		{18ACF089-DE22-4905-B15C-8CFFAE5E58BD}.Debug|x64.Build.0 = Debug|x64
		{18ACF089-DE22-4905-B15C-8CFFAE5E58BD}.Debug|x64.Deploy.0 = Debug|x64
		{18ACF089-DE22-4905-B15C-8CFFAE5E58BD}.Debug|x86.ActiveCfg = Debug|Win32
		{18ACF089-DE22-4905-B15C-8CFFAE5E58BD}.Debug|x86.Build.0 = Debug|Win32
		{18ACF089-DE22-4905-B15C-8CFFAE5E58BD}.Release|x64.ActiveCfg = Release|x64
		{18ACF089-DE22-4905-B15C-8CFFAE5E58BD}.Release|x64.Build.0 = Release|x64
		{18ACF089-DE22-4905-B15C-8CFFAE5E58BD}.Release|x86.ActiveCfg = Release|Win32
		{18ACF089-DE22-4905-B15C-8CFFAE5E58BD}.Release|x86.Build.0 = Release|Win32
		{8D61DB98-7BBA-42BB-BB75-53B4F942B903}.Debug|x64.ActiveCfg = Debug|x64
		{8D61DB98-7BBA-42BB-BB75-53B4F942B903}.Debug|x64.Build.0 = Debug|x64
		{8D61DB98-7BBA-42BB-BB75-53B4F942B903}.Debug|x86.ActiveCfg = Debug|Win32
		{8D61DB98-7BBA-42BB-BB75-53B4F942B903}.Debug|x86.Build.0 = Debug|Win32
		{8D61DB98-7BBA-42BB-BB75-53B4F942B903}.Release|x64.ActiveCfg = Release|x64
		{8D61DB98-7BBA-42BB-BB75-53B4F942B903}.Release|x64.Build.0 = Release|x64
		{8D61DB98-7BBA-42BB-BB75-53B4F942B903}.Release|x86.ActiveCfg = Release|Win32
		{8D61DB98-7BBA-42BB-BB75-53B4F942B903}.Release|x86.Build.0 = Release|Win32
		{1EF72236-F84B-41B6-8737-0BD683FB217E}.Debug|x64.ActiveCfg = Debug|x64
		{1EF72236-F84B-41B6-8737-0BD683FB217E}.Debug|x64.Build.0 = Debug|x64
		{1EF72236-F84B-41B6-8737-0BD683FB217E}.Debug|x86.ActiveCfg = Debug|Win32
		{1EF72236-F84B-41B6-8737-0BD683FB217E}.Debug|x86.Build.0 = Debug|Win32
		{1EF72236-F84B-41B6-8737-0BD683FB217E}.Release|x64.ActiveCfg = Release|x64
		{1EF72236-F84B-41B6-8737-0BD683FB217E}.Release|x64.Build.0 = Release|x64
		{1EF72236-F84B-41B6-8737-0BD683FB217E}.Release|x86.ActiveCfg = Release|Win32
		{1EF72236-F84B-41B6-8737-0BD683FB217E}.Release|x86.Build.0 = Release|Win32
		{7AEB81AC-7896-42E6-A471-FEA097E1672B}.Debug|x64.ActiveCfg = All
		{7AEB81AC-7896-42E6-A471-FEA097E1672B}.Debug|x64.Build.0 = All
		{7AEB81AC-7896-42E6-A471-FEA097E1672B}.Debug|x86.ActiveCfg = All
		{7AEB81AC-7896-42E6-A471-FEA097E1672B}.Debug|x86.Build.0 = All
		{7AEB81AC-7896-42E6-A471-FEA097E1672B}.Release|x64.ActiveCfg = All
		{7AEB81AC-7896-42E6-A471-FEA097E1672B}.Release|x64.Build.0 = All
		{7AEB81AC-7896-42E6-A471-FEA097E1672B}.Release|x86.ActiveCfg = All
		{7AEB81AC-7896-42E6-A471-FEA097E1672B}.Release|x86.Build.0 = All
		{FF0BF4E5-F112-42EE-BCB1-561508480E50}.Debug|x64.ActiveCfg = Debug|x64
		{FF0BF4E5-F112-42EE-BCB1-561508480E50}.Debug|x64.Build.0 = Debug|x64
		{FF0BF4E5-F112-42EE-BCB1-561508480E50}.Debug|x86.ActiveCfg = Debug|Win32
		{FF0BF4E5-F112-42EE-BCB1-561508480E50}.Debug|x86.Build.0 = Debug|Win32
		{FF0BF4E5-F112-42EE-BCB1-561508480E50}.Release|x64.ActiveCfg = Release|x64
		{FF0BF4E5-F112-42EE-BCB1-561508480E50}.Release|x64.Build.0 = Release|x64
		{FF0BF4E5-F112-42EE-BCB1-561508480E50}.Release|x86.ActiveCfg = Release|Win32
		{FF0BF4E5-F112-42EE-BCB1-561508480E50}.Release|x86.Build.0 = Release|Win32
		{F18ECB58-EA47-4923-AB3A-15D1B3C8ED05}.Debug|x64.ActiveCfg = Debug|x64
		{F18ECB58-EA47-4923-AB3A-15D1B3C8ED05}.Debug|x64.Build.0 = Debug|x64
		{F18ECB58-EA47-4923-AB3A-15D1B3C8ED05}.Debug|x86.ActiveCfg = Debug|Win32
		{F18ECB58-EA47-4923-AB3A-15D1B3C8ED05}.Debug|x86.Build.0 = Debug|Win32
		{F18ECB58-EA47-4923-AB3A-15D1B3C8ED05}.Release|x64.ActiveCfg = Release|x64
		{F18ECB58-EA47-4923-AB3A-15D1B3C8ED05}.Release|x64.Build.0 = Release|x64
		{F18ECB58-EA47-4923-AB3A-15D1B3C8ED05}.Release|x86.ActiveCfg = Release|Win32
		{F18ECB58-EA47-4923-AB3A-15D1B3C8ED05}.Release|x86.Build.0 = Release|Win32
		{742B7F34-72BA-4493-8720-DE1CADF4CECF}.Debug|x64.ActiveCfg = Debug|x64
		{742B7F34-72BA-4493-8720-DE1CADF4CECF}.Debug|x64.Build.0 = Debug|x64
		{742B7F34-72BA-4493-8720-DE1CADF4CECF}.Debug|x86.ActiveCfg = Debug|Win32
		{742B7F34-72BA-4493-8720-DE1CADF4CECF}.Debug|x86.Build.0 = Debug|Win32
		{742B7F34-72BA-4493-8720-DE1CADF4CECF}.Release|x64.ActiveCfg = Release|x64
		{742B7F34-72BA-4493-8720-DE1CADF4CECF}.Release|x64.Build.0 = Release|x64
		{742B7F34-72BA-4493-8720-DE1CADF4CECF}.Release|x86.ActiveCfg = Release|Win32
		{742B7F34-72BA-4493-8720-DE1CADF4CECF}.Release|x86.Build.0 = Release|Win32
		{EF987825-943E-4765-9A8E-A47E1CD5C470}.Debug|x64.ActiveCfg = All
		{EF987825-943E-4765-9A8E-A47E1CD5C470}.Debug|x64.Build.0 = All
		{EF987825-943E-4765-9A8E-A47E1CD5C470}.Debug|x86.ActiveCfg = All
		{EF987825-943E-4765-9A8E-A47E1CD5C470}.Debug|x86.Build.0 = All
		{EF987825-943E-4765-9A8E-A47E1CD5C470}.Release|x64.ActiveCfg = All
		{EF987825-943E-4765-9A8E-A47E1CD5C470}.Release|x64.Build.0 = All
		{EF987825-943E-4765-9A8E-A47E1CD5C470}.Release|x86.ActiveCfg = All
		{EF987825-943E-4765-9A8E-A47E1CD5C470}.Release|x86.Build.0 = All
		{7D2B0BA6-1716-45DB-BA24-3420CE5DE06B}.Debug|x64.ActiveCfg = All
		{7D2B0BA6-1716-45DB-BA24-3420CE5DE06B}.Debug|x64.Build.0 = All
		{7D2B0BA6-1716-45DB-BA24-3420CE5DE06B}.Debug|x86.ActiveCfg = All
		{7D2B0BA6-1716-45DB-BA24-3420CE5DE06B}.Debug|x86.Build.0 = All
		{7D2B0BA6-1716-45DB-BA24-3420CE5DE06B}.Release|x64.ActiveCfg = All
		{7D2B0BA6-1716-45DB-BA24-3420CE5DE06B}.Release|x64.Build.0 = All
		{7D2B0BA6-1716-45DB-BA24-3420CE5DE06B}.Release|x86.ActiveCfg = All
		{7D2B0BA6-1716-45DB-BA24-3420CE5DE06B}.Release|x86.Build.0 = All
		{79185867-FA21-4F8E-8C26-638D9C9307EF}.Debug|x64.ActiveCfg = Debug|x64
		{79185867-FA21-4F8E-8C26-638D9C9307EF}.Debug|x64.Build.0 = Debug|x64
		{79185867-FA21-4F8E-8C26-638D9C9307EF}.Debug|x86.ActiveCfg = Debug|Win32
		{79185867-FA21-4F8E-8C26-638D9C9307EF}.Debug|x86.Build.0 = Debug|Win32
		{79185867-FA21-4F8E-8C26-638D9C9307EF}.Release|x64.ActiveCfg = Release|x64
		{79185867-FA21-4F8E-8C26-638D9C9307EF}.Release|x64.Build.0 = Release|x64
		{79185867-FA21-4F8E-8C26-638D9C9307EF}.Release|x86.ActiveCfg = Release|Win32
		{79185867-FA21-4F8E-8C26-638D9C9307EF}.Release|x86.Build.0 = Release|Win32
		{05E380F6-626B-4C67-B15F-95E3AD9A952C}.Debug|x64.ActiveCfg = Debug|x64
		{05E380F6-626B-4C67-B15F-95E3AD9A952C}.Debug|x64.Build.0 = Debug|x64
		{05E380F6-626B-4C67-B15F-95E3AD9A952C}.Debug|x86.ActiveCfg = Debug|Win32
		{05E380F6-626B-4C67-B15F-95E3AD9A952C}.Debug|x86.Build.0 = Debug|Win32
		{05E380F6-626B-4C67-B15F-95E3AD9A952C}.Release|x64.ActiveCfg = Release|x64
		{05E380F6-626B-4C67-B15F-95E3AD9A952C}.Release|x64.Build.0 = Release|x64
		{05E380F6-626B-4C67-B15F-95E3AD9A952C}.Release|x86.ActiveCfg = Release|Win32
		{05E380F6-626B-4C67-B15F-95E3AD9A952C}.Release|x86.Build.0 = Release|Win32
		{5BD76558-9505-4420-9CD4-E9A164DA5D1E}.Debug|x64.ActiveCfg = All
		{5BD76558-9505-4420-9CD4-E9A164DA5D1E}.Debug|x64.Build.0 = All
		{5BD76558-9505-4420-9CD4-E9A164DA5D1E}.Debug|x86.ActiveCfg = All
		{5BD76558-9505-4420-9CD4-E9A164DA5D1E}.Debug|x86.Build.0 = All
		{5BD76558-9505-4420-9CD4-E9A164DA5D1E}.Release|x64.ActiveCfg = All
		{5BD76558-9505-4420-9CD4-E9A164DA5D1E}.Release|x64.Build.0 = All
		{5BD76558-9505-4420-9CD4-E9A164DA5D1E}.Release|x86.ActiveCfg = All
		{5BD76558-9505-4420-9CD4-E9A164DA5D1E}.Release|x86.Build.0 = All
		{1A3F5DA2-02EE-4667-9158-EB59F43702B7}.Debug|x64.ActiveCfg = All
		{1A3F5DA2-02EE-4667-9158-EB59F43702B7}.Debug|x64.Build.0 = All
		{1A3F5DA2-02EE-4667-9158-EB59F43702B7}.Debug|x86.ActiveCfg = All
		{1A3F5DA2-02EE-4667-9158-EB59F43702B7}.Debug|x86.Build.0 = All
		{1A3F5DA2-02EE-4667-9158-EB59F43702B7}.Release|x64.ActiveCfg = All
		{1A3F5DA2-02EE-4667-9158-EB59F43702B7}.Release|x64.Build.0 = All
		{1A3F5DA2-02EE-4667-9158-EB59F43702B7}.Release|x86.ActiveCfg = All
		{1A3F5DA2-02EE-4667-9158-EB59F43702B7}.Release|x86.Build.0 = All
		{7E4BD1C9-87AC-4EB3-A526-1F53B02A36AA}.Debug|x64.ActiveCfg = All
		{7E4BD1C9-87AC-4EB3-A526-1F53B02A36AA}.Debug|x64.Build.0 = All
		{7E4BD1C9-87AC-4EB3-A526-1F53B02A36AA}.Debug|x86.ActiveCfg = All
		{7E4BD1C9-87AC-4EB3-A526-1F53B02A36AA}.Debug|x86.Build.0 = All
		{7E4BD1C9-87AC-4EB3-A526-1F53B02A36AA}.Release|x64.ActiveCfg = All
		{7E4BD1C9-87AC-4EB3-A526-1F53B02A36AA}.Release|x64.Build.0 = All
		{7E4BD1C9-87AC-4EB3-A526-1F53B02A36AA}.Release|x86.ActiveCfg = All
		{7E4BD1C9-87AC-4EB3-A526-1F53B02A36AA}.Release|x86.Build.0 = All
	EndGlobalSection
	GlobalSection(SolutionProperties) = preSolution
		HideSolutionNode = FALSE
	EndGlobalSection
EndGlobal
